{
  "name": "server",
  "version": "0.0.1",
  "lockfileVersion": 2,
  "requires": true,
  "packages": {
    "": {
      "name": "server",
      "version": "0.0.1",
      "license": "GPL-3.0-or-later",
      "dependencies": {
        "bson": "^4.7.0",
        "node-tesseract-ocr": "^2.2.1",
        "transformers-nodejs": "github:reisxd/transformers-nodejs"
      }
    },
    "node_modules/base64-js": {
      "version": "1.5.1",
      "resolved": "https://registry.npmjs.org/base64-js/-/base64-js-1.5.1.tgz",
      "integrity": "sha512-AKpaYlHn8t4SVbOHCy+b5+KKgvR4vrsD8vbvrbiQJps7fKDTkjkDry6ji0rUJjC0kzbNePLwzxq8iypo41qeWA==",
      "funding": [
        {
          "type": "github",
          "url": "https://github.com/sponsors/feross"
        },
        {
          "type": "patreon",
          "url": "https://www.patreon.com/feross"
        },
        {
          "type": "consulting",
          "url": "https://feross.org/support"
        }
      ]
    },
    "node_modules/bson": {
      "version": "4.7.0",
      "resolved": "https://registry.npmjs.org/bson/-/bson-4.7.0.tgz",
      "integrity": "sha512-VrlEE4vuiO1WTpfof4VmaVolCVYkYTgB9iWgYNOrVlnifpME/06fhFRmONgBhClD5pFC1t9ZWqFUQEQAzY43bA==",
      "dependencies": {
        "buffer": "^5.6.0"
      },
      "engines": {
        "node": ">=6.9.0"
      }
    },
    "node_modules/buffer": {
      "version": "5.7.1",
      "resolved": "https://registry.npmjs.org/buffer/-/buffer-5.7.1.tgz",
      "integrity": "sha512-EHcyIPBQ4BSGlvjB16k5KgAJ27CIsHY/2JBmCRReo48y9rQ3MaUzWX3KVlBa4U7MyX02HdVj0K7C3WaB3ju7FQ==",
      "funding": [
        {
          "type": "github",
          "url": "https://github.com/sponsors/feross"
        },
        {
          "type": "patreon",
          "url": "https://www.patreon.com/feross"
        },
        {
          "type": "consulting",
          "url": "https://feross.org/support"
        }
      ],
      "dependencies": {
        "base64-js": "^1.3.1",
        "ieee754": "^1.1.13"
      }
    },
    "node_modules/ieee754": {
      "version": "1.2.1",
      "resolved": "https://registry.npmjs.org/ieee754/-/ieee754-1.2.1.tgz",
      "integrity": "sha512-dcyqhDvX1C46lXZcVqCpK+FtMRQVdIMN6/Df5js2zouUsqG7I6sFxitIC+7KYK29KdXOLHdu9zL4sFnoVQnqaA==",
      "funding": [
        {
          "type": "github",
          "url": "https://github.com/sponsors/feross"
        },
        {
          "type": "patreon",
          "url": "https://www.patreon.com/feross"
        },
        {
          "type": "consulting",
          "url": "https://feross.org/support"
        }
      ]
    },
    "node_modules/node-tesseract-ocr": {
      "version": "2.2.1",
      "resolved": "https://registry.npmjs.org/node-tesseract-ocr/-/node-tesseract-ocr-2.2.1.tgz",
      "integrity": "sha512-Q9cD79JGpPNQBxbi1fV+OAsTxYKLpx22sagsxSyKbu1u+t6UarApf5m32uVc8a5QAP1Wk7fIPN0aJFGGEE9DyQ==",
      "engines": {
        "node": ">=10"
      }
    },
    "node_modules/onnxruntime-common": {
      "version": "1.13.1",
      "resolved": "https://registry.npmjs.org/onnxruntime-common/-/onnxruntime-common-1.13.1.tgz",
      "integrity": "sha512-HtfNeuZ8p47avtZR2mGldXA728keJj46w/6yy5DQTLA9zmpjXF/iJdS8f9yAtyWbSGw3s95DfBPWw2myhA1r0A=="
    },
    "node_modules/onnxruntime-node": {
      "version": "1.13.1",
      "resolved": "https://registry.npmjs.org/onnxruntime-node/-/onnxruntime-node-1.13.1.tgz",
      "integrity": "sha512-HHwxs13dSCJX+iqr90p8WGlG54XTxNG6lKXhUC4xu4r95GFjLaA6JxNUjeuGQ6T6E06hCy61lZMdH5MTcBNLTA==",
      "os": [
        "win32",
        "darwin",
        "linux"
      ],
      "dependencies": {
        "onnxruntime-common": "~1.13.1"
      }
    },
    "node_modules/transformers-nodejs": {
      "version": "1.0.0",
      "resolved": "git+ssh://git@github.com/reisxd/transformers-nodejs.git#28e591496a7a231b0ad8dc62081365d4077638f9",
      "license": "GPL-3.0-or-later",
      "dependencies": {
        "onnxruntime-node": "^1.13.1"
      }
    }
  },
  "dependencies": {
    "base64-js": {
      "version": "1.5.1",
      "resolved": "https://registry.npmjs.org/base64-js/-/base64-js-1.5.1.tgz",
      "integrity": "sha512-AKpaYlHn8t4SVbOHCy+b5+KKgvR4vrsD8vbvrbiQJps7fKDTkjkDry6ji0rUJjC0kzbNePLwzxq8iypo41qeWA=="
    },
    "bson": {
      "version": "4.7.0",
      "resolved": "https://registry.npmjs.org/bson/-/bson-4.7.0.tgz",
      "integrity": "sha512-VrlEE4vuiO1WTpfof4VmaVolCVYkYTgB9iWgYNOrVlnifpME/06fhFRmONgBhClD5pFC1t9ZWqFUQEQAzY43bA==",
      "requires": {
        "buffer": "^5.6.0"
      }
    },
    "buffer": {
      "version": "5.7.1",
      "resolved": "https://registry.npmjs.org/buffer/-/buffer-5.7.1.tgz",
      "integrity": "sha512-EHcyIPBQ4BSGlvjB16k5KgAJ27CIsHY/2JBmCRReo48y9rQ3MaUzWX3KVlBa4U7MyX02HdVj0K7C3WaB3ju7FQ==",
      "requires": {
        "base64-js": "^1.3.1",
        "ieee754": "^1.1.13"
      }
    },
    "ieee754": {
      "version": "1.2.1",
      "resolved": "https://registry.npmjs.org/ieee754/-/ieee754-1.2.1.tgz",
      "integrity": "sha512-dcyqhDvX1C46lXZcVqCpK+FtMRQVdIMN6/Df5js2zouUsqG7I6sFxitIC+7KYK29KdXOLHdu9zL4sFnoVQnqaA=="
    },
    "node-tesseract-ocr": {
      "version": "2.2.1",
      "resolved": "https://registry.npmjs.org/node-tesseract-ocr/-/node-tesseract-ocr-2.2.1.tgz",
      "integrity": "sha512-Q9cD79JGpPNQBxbi1fV+OAsTxYKLpx22sagsxSyKbu1u+t6UarApf5m32uVc8a5QAP1Wk7fIPN0aJFGGEE9DyQ=="
    },
    "onnxruntime-common": {
      "version": "1.13.1",
      "resolved": "https://registry.npmjs.org/onnxruntime-common/-/onnxruntime-common-1.13.1.tgz",
      "integrity": "sha512-HtfNeuZ8p47avtZR2mGldXA728keJj46w/6yy5DQTLA9zmpjXF/iJdS8f9yAtyWbSGw3s95DfBPWw2myhA1r0A=="
    },
    "onnxruntime-node": {
      "version": "1.13.1",
      "resolved": "https://registry.npmjs.org/onnxruntime-node/-/onnxruntime-node-1.13.1.tgz",
      "integrity": "sha512-HHwxs13dSCJX+iqr90p8WGlG54XTxNG6lKXhUC4xu4r95GFjLaA6JxNUjeuGQ6T6E06hCy61lZMdH5MTcBNLTA==",
      "requires": {
        "onnxruntime-common": "~1.13.1"
      }
    },
    "transformers-nodejs": {
      "version": "git+ssh://git@github.com/reisxd/transformers-nodejs.git#28e591496a7a231b0ad8dc62081365d4077638f9",
      "from": "transformers-nodejs@https://github.com/reisxd/transformers-nodejs",
      "requires": {
        "onnxruntime-node": "^1.13.1"
      }
    }
  }
}
